
Microsoft Visual Studio Solution File, Format Version 11.00
# Visual Studio 2010
Project("{FAE04EC0-301F-11D3-BF4B-00C04F79EFBC}") = "Asn1Codec", "Asn1Codec\Asn1Codec.csproj", "{EF3F09FD-67EB-4559-98BC-2C3E5D6409C7}"
EndProject
Global
	GlobalSection(SolutionConfigurationPlatforms) = preSolution
		Debug|Any CPU = Debug|Any CPU
		Debug|Mixed Platforms = Debug|Mixed Platforms
		Debug|x86 = Debug|x86
		Release|Any CPU = Release|Any CPU
		Release|Mixed Platforms = Release|Mixed Platforms
		Release|x86 = Release|x86
	EndGlobalSection
	GlobalSection(ProjectConfigurationPlatforms) = postSolution
		{EF3F09FD-67EB-4559-98BC-2C3E5D6409C7}.Debug|Any CPU.ActiveCfg = Debug|Any CPU
		{EF3F09FD-67EB-4559-98BC-2C3E5D6409C7}.Debug|Any CPU.Build.0 = Debug|Any CPU
		{EF3F09FD-67EB-4559-98BC-2C3E5D6409C7}.Debug|Mixed Platforms.ActiveCfg = Debug|Any CPU
		{EF3F09FD-67EB-4559-98BC-2C3E5D6409C7}.Debug|Mixed Platforms.Build.0 = Debug|Any CPU
		{EF3F09FD-67EB-4559-98BC-2C3E5D6409C7}.Debug|x86.ActiveCfg = Debug|Any CPU
		{EF3F09FD-67EB-4559-98BC-2C3E5D6409C7}.Release|Any CPU.ActiveCfg = Release|Any CPU
		{EF3F09FD-67EB-4559-98BC-2C3E5D6409C7}.Release|Any CPU.Build.0 = Release|Any CPU
		{EF3F09FD-67EB-4559-98BC-2C3E5D6409C7}.Release|Mixed Platforms.ActiveCfg = Release|Any CPU
		{EF3F09FD-67EB-4559-98BC-2C3E5D6409C7}.Release|Mixed Platforms.Build.0 = Release|Any CPU
		{EF3F09FD-67EB-4559-98BC-2C3E5D6409C7}.Release|x86.ActiveCfg = Release|Any CPU
	EndGlobalSection
	GlobalSection(SolutionProperties) = preSolution
		HideSolutionNode = FALSE
	EndGlobalSection
EndGlobal
